{
  "name": "first-person-shooter",
  "version": "1.0.0",
  "lockfileVersion": 1,
  "requires": true,
  "dependencies": {
    "jetty": {
      "version": "0.2.1",
      "resolved": "https://registry.npmjs.org/jetty/-/jetty-0.2.1.tgz",
      "integrity": "sha1-mvJV7+S74zKWrPYxZeO/GBZnhZM="
    },
    "keypress": {
      "version": "0.2.1",
      "resolved": "https://registry.npmjs.org/keypress/-/keypress-0.2.1.tgz",
      "integrity": "sha1-HoBFQlABjbrUw/6USX1uZ7YmnHc="
    }
  }
}
